
Microsoft Visual Studio Solution File, Format Version 12.00
# Visual Studio Version 17
VisualStudioVersion = 17.6.33723.286
MinimumVisualStudioVersion = 10.0.40219.1
Project("{FAE04EC0-301F-11D3-BF4B-00C04F79EFBC}") = "hello-world-6-jenkins", "hello-world-6-jenkins\hello-world-6-jenkins.csproj", "{DFB7A70A-A591-417B-8BC5-1C46B47C6AAB}"
EndProject
Global
	GlobalSection(SolutionConfigurationPlatforms) = preSolution
		Debug|Any CPU = Debug|Any CPU
		Release|Any CPU = Release|Any CPU
	EndGlobalSection
	GlobalSection(ProjectConfigurationPlatforms) = postSolution
		{DFB7A70A-A591-417B-8BC5-1C46B47C6AAB}.Debug|Any CPU.ActiveCfg = Debug|Any CPU
		{DFB7A70A-A591-417B-8BC5-1C46B47C6AAB}.Debug|Any CPU.Build.0 = Debug|Any CPU
		{DFB7A70A-A591-417B-8BC5-1C46B47C6AAB}.Release|Any CPU.ActiveCfg = Release|Any CPU
		{DFB7A70A-A591-417B-8BC5-1C46B47C6AAB}.Release|Any CPU.Build.0 = Release|Any CPU
	EndGlobalSection
	GlobalSection(SolutionProperties) = preSolution
		HideSolutionNode = FALSE
	EndGlobalSection
	GlobalSection(ExtensibilityGlobals) = postSolution
		SolutionGuid = {E7F9EE48-572D-4DF8-A3C7-CED2E1BCECA4}
	EndGlobalSection
EndGlobal
